# THIS IS AN AUTOGENERATED FILE. DO NOT EDIT THIS FILE DIRECTLY.
# yarn lockfile v1


aesthetic-utils@^1.0.1:
  version "1.0.1"
  resolved "https://registry.yarnpkg.com/aesthetic-utils/-/aesthetic-utils-1.0.1.tgz#0a511e0e4945bed56a8b0f243038629677391406"

aesthetic@^1.0.1:
  version "1.0.1"
  resolved "https://registry.yarnpkg.com/aesthetic/-/aesthetic-1.0.1.tgz#8db9d38bbf8b39021ab4489da7129f60b6312603"
  dependencies:
    aesthetic-utils "^1.0.1"
    hoist-non-react-statics "^1.2.0"
    lodash.merge "^4.6.0"

bowser@^1.6.0:
  version "1.6.0"
  resolved "https://registry.yarnpkg.com/bowser/-/bowser-1.6.0.tgz#37fc387b616cb6aef370dab4d6bd402b74c5c54d"

css-in-js-utils@^1.0.3:
  version "1.0.3"
  resolved "https://registry.yarnpkg.com/css-in-js-utils/-/css-in-js-utils-1.0.3.tgz#9ac7e02f763cf85d94017666565ed68a5b5f3215"
  dependencies:
    hyphenate-style-name "^1.0.2"

fela-dom@^4.2.0:
  version "4.2.6"
  resolved "https://registry.yarnpkg.com/fela-dom/-/fela-dom-4.2.6.tgz#fb8b618a3cb9e87a4ae15c438389a2a7057ebb31"

fela-preset-web@^4.2.6:
  version "4.2.6"
  resolved "https://registry.yarnpkg.com/fela-preset-web/-/fela-preset-web-4.2.6.tgz#203604b79cf71d7e6ea8ef9041f8195dee3e3e12"
  dependencies:
    inline-style-prefixer "^3.0.0"
    unitless-css-property "1.0.2"

fela@^4.2.0:
  version "4.2.6"
  resolved "https://registry.yarnpkg.com/fela/-/fela-4.2.6.tgz#093605c789fde268657859dc422234d3cf65afa9"
  dependencies:
    hyphenate-style-name "1.0.1"

hoist-non-react-statics@^1.2.0:
  version "1.2.0"
  resolved "https://registry.yarnpkg.com/hoist-non-react-statics/-/hoist-non-react-statics-1.2.0.tgz#aa448cf0986d55cc40773b17174b7dd066cb7cfb"

hyphenate-style-name@1.0.1, hyphenate-style-name@^1.0.1:
  version "1.0.1"
  resolved "https://registry.yarnpkg.com/hyphenate-style-name/-/hyphenate-style-name-1.0.1.tgz#bc49b9446e02b4570641afdd29c1ce7609d1b9cc"

hyphenate-style-name@^1.0.2:
  version "1.0.2"
  resolved "https://registry.yarnpkg.com/hyphenate-style-name/-/hyphenate-style-name-1.0.2.tgz#31160a36930adaf1fc04c6074f7eb41465d4ec4b"

inline-style-prefixer@^3.0.0:
  version "3.0.1"
  resolved "https://registry.yarnpkg.com/inline-style-prefixer/-/inline-style-prefixer-3.0.1.tgz#367d9e0ee267e33ee2f56d6b21cc2c539e92e649"
  dependencies:
    bowser "^1.6.0"
    css-in-js-utils "^1.0.3"

lodash.merge@^4.6.0:
  version "4.6.0"
  resolved "https://registry.yarnpkg.com/lodash.merge/-/lodash.merge-4.6.0.tgz#69884ba144ac33fe699737a6086deffadd0f89c5"

unitless-css-property@1.0.2:
  version "1.0.2"
  resolved "https://registry.yarnpkg.com/unitless-css-property/-/unitless-css-property-1.0.2.tgz#dd4b666172fba241fcf50b6b31aee126700b170a"
  dependencies:
    hyphenate-style-name "^1.0.1"
