# THIS IS AN AUTOGENERATED FILE. DO NOT EDIT THIS FILE DIRECTLY.
# yarn lockfile v1


babel-runtime@^6.23.0:
  version "6.23.0"
  resolved "https://registry.yarnpkg.com/babel-runtime/-/babel-runtime-6.23.0.tgz#0a9489f144de70efb3ce4300accdb329e2fc543b"
  dependencies:
    core-js "^2.4.0"
    regenerator-runtime "^0.10.0"

core-js@^2.4.0:
  version "2.4.1"
  resolved "https://registry.yarnpkg.com/core-js/-/core-js-2.4.1.tgz#4de911e667b0eae9124e34254b53aea6fc618d3e"

css-vendor@^0.3.8:
  version "0.3.8"
  resolved "https://registry.yarnpkg.com/css-vendor/-/css-vendor-0.3.8.tgz#6421cfd3034ce664fe7673972fd0119fc28941fa"
  dependencies:
    is-in-browser "^1.0.2"

is-in-browser@1.0.2, is-in-browser@^1.0.2:
  version "1.0.2"
  resolved "https://registry.yarnpkg.com/is-in-browser/-/is-in-browser-1.0.2.tgz#f688bea8f1e5aadc3244ebc870d188cfb9b613cf"

js-tokens@^3.0.0:
  version "3.0.1"
  resolved "https://registry.yarnpkg.com/js-tokens/-/js-tokens-3.0.1.tgz#08e9f132484a2c45a30907e9dc4d5567b7f114d7"

jss-camel-case@^3.0.0:
  version "3.0.0"
  resolved "https://registry.yarnpkg.com/jss-camel-case/-/jss-camel-case-3.0.0.tgz#46aa18eb149e95afce074532ad47df1c2a7d45cb"

jss-compose@^2.0.0:
  version "2.1.0"
  resolved "https://registry.yarnpkg.com/jss-compose/-/jss-compose-2.1.0.tgz#3751d613fb61c715e3d91140dea5f1794968847d"
  dependencies:
    warning "^3.0.0"

jss-default-unit@^5.0.2:
  version "5.0.3"
  resolved "https://registry.yarnpkg.com/jss-default-unit/-/jss-default-unit-5.0.3.tgz#b9450f31c37feaed3151554b2938363974780af1"

jss-expand@^2.0.3:
  version "2.1.0"
  resolved "https://registry.yarnpkg.com/jss-expand/-/jss-expand-2.1.0.tgz#dc0f458304a9f597b524dd4ae773ea29adcb3d27"

jss-extend@^3.0.0:
  version "3.0.1"
  resolved "https://registry.yarnpkg.com/jss-extend/-/jss-extend-3.0.1.tgz#aeb5846f1650d7590c686b5c1932b44a3721742d"
  dependencies:
    warning "^3.0.0"

jss-global@^0.4.1:
  version "0.4.1"
  resolved "https://registry.yarnpkg.com/jss-global/-/jss-global-0.4.1.tgz#41862c78528de4d333853004eb71adecde1a5fda"

jss-nested@^3.0.1:
  version "3.0.1"
  resolved "https://registry.yarnpkg.com/jss-nested/-/jss-nested-3.0.1.tgz#14c10265c8fc5bd61b450b48f1e9fb36d90ae569"
  dependencies:
    warning "^3.0.0"

jss-preset-default@^1.3.1:
  version "1.3.1"
  resolved "https://registry.yarnpkg.com/jss-preset-default/-/jss-preset-default-1.3.1.tgz#8a4b7f9a41ec412d19fb1d23e6dc80ebef040d5a"
  dependencies:
    jss-camel-case "^3.0.0"
    jss-compose "^2.0.0"
    jss-default-unit "^5.0.2"
    jss-expand "^2.0.3"
    jss-extend "^3.0.0"
    jss-global "^0.4.1"
    jss-nested "^3.0.1"
    jss-props-sort "^3.0.0"
    jss-vendor-prefixer "^4.0.0"

jss-props-sort@^3.0.0:
  version "3.0.0"
  resolved "https://registry.yarnpkg.com/jss-props-sort/-/jss-props-sort-3.0.0.tgz#19544610109b1fa953f22799eecb080240d8dc00"

jss-vendor-prefixer@^4.0.0:
  version "4.0.0"
  resolved "https://registry.yarnpkg.com/jss-vendor-prefixer/-/jss-vendor-prefixer-4.0.0.tgz#df16a8fcc6ecb4567394174e6ab90145cf8b34a3"
  dependencies:
    css-vendor "^0.3.8"

jss@^6.5.0:
  version "6.5.0"
  resolved "https://registry.yarnpkg.com/jss/-/jss-6.5.0.tgz#9294a367b658daa2036c36f563ff6bfb0c7b12a1"
  dependencies:
    is-in-browser "1.0.2"
    warning "3.0.0"

loose-envify@^1.0.0:
  version "1.3.1"
  resolved "https://registry.yarnpkg.com/loose-envify/-/loose-envify-1.3.1.tgz#d1a8ad33fa9ce0e713d65fdd0ac8b748d478c848"
  dependencies:
    js-tokens "^3.0.0"

regenerator-runtime@^0.10.0:
  version "0.10.3"
  resolved "https://registry.yarnpkg.com/regenerator-runtime/-/regenerator-runtime-0.10.3.tgz#8c4367a904b51ea62a908ac310bf99ff90a82a3e"

warning@3.0.0, warning@^3.0.0:
  version "3.0.0"
  resolved "https://registry.yarnpkg.com/warning/-/warning-3.0.0.tgz#32e5377cb572de4ab04753bdf8821c01ed605b7c"
  dependencies:
    loose-envify "^1.0.0"
